
Microsoft Visual Studio Solution File, Format Version 12.00
# Visual Studio Version 16
VisualStudioVersion = 16.0.30309.148
MinimumVisualStudioVersion = 15.0.26124.0
Project("{9A19103F-16F7-4668-BE54-9A1E7A4F7556}") = "eBlocks.Core", "eBlocks.Core\eBlocks.Core.csproj", "{7BE56722-16A5-4743-A1AD-937CEE84F82E}"
EndProject
Project("{9A19103F-16F7-4668-BE54-9A1E7A4F7556}") = "eBlocks.Assessment.Models", "eBlocks.Assessment.Models\eBlocks.Assessment.Models.csproj", "{2DAF5960-3318-4BCA-BBA7-B2BA3707F8BA}"
EndProject
Project("{9A19103F-16F7-4668-BE54-9A1E7A4F7556}") = "eBlocks.xUnitTest.Core", "eBlocks.xUnitTest.Core\eBlocks.xUnitTest.Core.csproj", "{6316E3FE-5780-460B-9BEC-C2FB791D6BCC}"
EndProject
Project("{9A19103F-16F7-4668-BE54-9A1E7A4F7556}") = "eBlocks.Assessment.WebAPI", "eBlocks.Assessment.WebAPI\eBlocks.Assessment.WebAPI.csproj", "{8BD50385-2005-4F77-BDC7-84AA33313DE2}"
EndProject
Project("{E53339B2-1760-4266-BCC7-CA923CBCF16C}") = "docker-compose", "docker-compose.dcproj", "{62CA57FF-481F-459C-92D4-ABE8CD32A848}"
EndProject
Project("{2150E333-8FDC-42A3-9474-1A3956D46DE8}") = "DB", "DB", "{5BACC927-C505-4567-900B-FEF8212566FA}"
	ProjectSection(SolutionItems) = preProject
		..\..\..\..\..\Dev\eBlocks\eblocks.Category.json = ..\..\..\..\..\Dev\eBlocks\eblocks.Category.json
		..\..\..\..\..\Dev\eBlocks\eblocks.OrderDetail.json = ..\..\..\..\..\Dev\eBlocks\eblocks.OrderDetail.json
		..\..\..\..\..\Dev\eBlocks\eblocks.Product.json = ..\..\..\..\..\Dev\eBlocks\eblocks.Product.json
		..\..\..\..\..\Dev\eBlocks\eblocks.Supplier.json = ..\..\..\..\..\Dev\eBlocks\eblocks.Supplier.json
	EndProjectSection
EndProject
Global
	GlobalSection(SolutionConfigurationPlatforms) = preSolution
		Debug|Any CPU = Debug|Any CPU
		Debug|x64 = Debug|x64
		Debug|x86 = Debug|x86
		Release|Any CPU = Release|Any CPU
		Release|x64 = Release|x64
		Release|x86 = Release|x86
	EndGlobalSection
	GlobalSection(ProjectConfigurationPlatforms) = postSolution
		{7BE56722-16A5-4743-A1AD-937CEE84F82E}.Debug|Any CPU.ActiveCfg = Debug|Any CPU
		{7BE56722-16A5-4743-A1AD-937CEE84F82E}.Debug|Any CPU.Build.0 = Debug|Any CPU
		{7BE56722-16A5-4743-A1AD-937CEE84F82E}.Debug|x64.ActiveCfg = Debug|Any CPU
		{7BE56722-16A5-4743-A1AD-937CEE84F82E}.Debug|x64.Build.0 = Debug|Any CPU
		{7BE56722-16A5-4743-A1AD-937CEE84F82E}.Debug|x86.ActiveCfg = Debug|Any CPU
		{7BE56722-16A5-4743-A1AD-937CEE84F82E}.Debug|x86.Build.0 = Debug|Any CPU
		{7BE56722-16A5-4743-A1AD-937CEE84F82E}.Release|Any CPU.ActiveCfg = Release|Any CPU
		{7BE56722-16A5-4743-A1AD-937CEE84F82E}.Release|Any CPU.Build.0 = Release|Any CPU
		{7BE56722-16A5-4743-A1AD-937CEE84F82E}.Release|x64.ActiveCfg = Release|Any CPU
		{7BE56722-16A5-4743-A1AD-937CEE84F82E}.Release|x64.Build.0 = Release|Any CPU
		{7BE56722-16A5-4743-A1AD-937CEE84F82E}.Release|x86.ActiveCfg = Release|Any CPU
		{7BE56722-16A5-4743-A1AD-937CEE84F82E}.Release|x86.Build.0 = Release|Any CPU
		{2DAF5960-3318-4BCA-BBA7-B2BA3707F8BA}.Debug|Any CPU.ActiveCfg = Debug|Any CPU
		{2DAF5960-3318-4BCA-BBA7-B2BA3707F8BA}.Debug|Any CPU.Build.0 = Debug|Any CPU
		{2DAF5960-3318-4BCA-BBA7-B2BA3707F8BA}.Debug|x64.ActiveCfg = Debug|Any CPU
		{2DAF5960-3318-4BCA-BBA7-B2BA3707F8BA}.Debug|x64.Build.0 = Debug|Any CPU
		{2DAF5960-3318-4BCA-BBA7-B2BA3707F8BA}.Debug|x86.ActiveCfg = Debug|Any CPU
		{2DAF5960-3318-4BCA-BBA7-B2BA3707F8BA}.Debug|x86.Build.0 = Debug|Any CPU
		{2DAF5960-3318-4BCA-BBA7-B2BA3707F8BA}.Release|Any CPU.ActiveCfg = Release|Any CPU
		{2DAF5960-3318-4BCA-BBA7-B2BA3707F8BA}.Release|Any CPU.Build.0 = Release|Any CPU
		{2DAF5960-3318-4BCA-BBA7-B2BA3707F8BA}.Release|x64.ActiveCfg = Release|Any CPU
		{2DAF5960-3318-4BCA-BBA7-B2BA3707F8BA}.Release|x64.Build.0 = Release|Any CPU
		{2DAF5960-3318-4BCA-BBA7-B2BA3707F8BA}.Release|x86.ActiveCfg = Release|Any CPU
		{2DAF5960-3318-4BCA-BBA7-B2BA3707F8BA}.Release|x86.Build.0 = Release|Any CPU
		{6316E3FE-5780-460B-9BEC-C2FB791D6BCC}.Debug|Any CPU.ActiveCfg = Debug|Any CPU
		{6316E3FE-5780-460B-9BEC-C2FB791D6BCC}.Debug|Any CPU.Build.0 = Debug|Any CPU
		{6316E3FE-5780-460B-9BEC-C2FB791D6BCC}.Debug|x64.ActiveCfg = Debug|Any CPU
		{6316E3FE-5780-460B-9BEC-C2FB791D6BCC}.Debug|x64.Build.0 = Debug|Any CPU
		{6316E3FE-5780-460B-9BEC-C2FB791D6BCC}.Debug|x86.ActiveCfg = Debug|Any CPU
		{6316E3FE-5780-460B-9BEC-C2FB791D6BCC}.Debug|x86.Build.0 = Debug|Any CPU
		{6316E3FE-5780-460B-9BEC-C2FB791D6BCC}.Release|Any CPU.ActiveCfg = Release|Any CPU
		{6316E3FE-5780-460B-9BEC-C2FB791D6BCC}.Release|Any CPU.Build.0 = Release|Any CPU
		{6316E3FE-5780-460B-9BEC-C2FB791D6BCC}.Release|x64.ActiveCfg = Release|Any CPU
		{6316E3FE-5780-460B-9BEC-C2FB791D6BCC}.Release|x64.Build.0 = Release|Any CPU
		{6316E3FE-5780-460B-9BEC-C2FB791D6BCC}.Release|x86.ActiveCfg = Release|Any CPU
		{6316E3FE-5780-460B-9BEC-C2FB791D6BCC}.Release|x86.Build.0 = Release|Any CPU
		{8BD50385-2005-4F77-BDC7-84AA33313DE2}.Debug|Any CPU.ActiveCfg = Debug|Any CPU
		{8BD50385-2005-4F77-BDC7-84AA33313DE2}.Debug|Any CPU.Build.0 = Debug|Any CPU
		{8BD50385-2005-4F77-BDC7-84AA33313DE2}.Debug|x64.ActiveCfg = Debug|Any CPU
		{8BD50385-2005-4F77-BDC7-84AA33313DE2}.Debug|x64.Build.0 = Debug|Any CPU
		{8BD50385-2005-4F77-BDC7-84AA33313DE2}.Debug|x86.ActiveCfg = Debug|Any CPU
		{8BD50385-2005-4F77-BDC7-84AA33313DE2}.Debug|x86.Build.0 = Debug|Any CPU
		{8BD50385-2005-4F77-BDC7-84AA33313DE2}.Release|Any CPU.ActiveCfg = Release|Any CPU
		{8BD50385-2005-4F77-BDC7-84AA33313DE2}.Release|Any CPU.Build.0 = Release|Any CPU
		{8BD50385-2005-4F77-BDC7-84AA33313DE2}.Release|x64.ActiveCfg = Release|Any CPU
		{8BD50385-2005-4F77-BDC7-84AA33313DE2}.Release|x64.Build.0 = Release|Any CPU
		{8BD50385-2005-4F77-BDC7-84AA33313DE2}.Release|x86.ActiveCfg = Release|Any CPU
		{8BD50385-2005-4F77-BDC7-84AA33313DE2}.Release|x86.Build.0 = Release|Any CPU
		{62CA57FF-481F-459C-92D4-ABE8CD32A848}.Debug|Any CPU.ActiveCfg = Debug|Any CPU
		{62CA57FF-481F-459C-92D4-ABE8CD32A848}.Debug|Any CPU.Build.0 = Debug|Any CPU
		{62CA57FF-481F-459C-92D4-ABE8CD32A848}.Debug|x64.ActiveCfg = Debug|Any CPU
		{62CA57FF-481F-459C-92D4-ABE8CD32A848}.Debug|x64.Build.0 = Debug|Any CPU
		{62CA57FF-481F-459C-92D4-ABE8CD32A848}.Debug|x86.ActiveCfg = Debug|Any CPU
		{62CA57FF-481F-459C-92D4-ABE8CD32A848}.Debug|x86.Build.0 = Debug|Any CPU
		{62CA57FF-481F-459C-92D4-ABE8CD32A848}.Release|Any CPU.ActiveCfg = Release|Any CPU
		{62CA57FF-481F-459C-92D4-ABE8CD32A848}.Release|Any CPU.Build.0 = Release|Any CPU
		{62CA57FF-481F-459C-92D4-ABE8CD32A848}.Release|x64.ActiveCfg = Release|Any CPU
		{62CA57FF-481F-459C-92D4-ABE8CD32A848}.Release|x64.Build.0 = Release|Any CPU
		{62CA57FF-481F-459C-92D4-ABE8CD32A848}.Release|x86.ActiveCfg = Release|Any CPU
		{62CA57FF-481F-459C-92D4-ABE8CD32A848}.Release|x86.Build.0 = Release|Any CPU
	EndGlobalSection
	GlobalSection(SolutionProperties) = preSolution
		HideSolutionNode = FALSE
	EndGlobalSection
	GlobalSection(ExtensibilityGlobals) = postSolution
		SolutionGuid = {D58838FF-623C-4A24-80DB-B93FF351CFFA}
	EndGlobalSection
EndGlobal
