
Microsoft Visual Studio Solution File, Format Version 12.00
# Visual Studio 15
VisualStudioVersion = 15.0.26124.0
MinimumVisualStudioVersion = 15.0.26124.0
Project("{FAE04EC0-301F-11D3-BF4B-00C04F79EFBC}") = "eBlocks.Core", "eBlocks.Core\eBlocks.Core.csproj", "{7BE56722-16A5-4743-A1AD-937CEE84F82E}"
EndProject
Project("{FAE04EC0-301F-11D3-BF4B-00C04F79EFBC}") = "eBlocks.Assessment.Models", "eBlocks.Assessment.Models\eBlocks.Assessment.Models.csproj", "{2DAF5960-3318-4BCA-BBA7-B2BA3707F8BA}"
EndProject
Project("{FAE04EC0-301F-11D3-BF4B-00C04F79EFBC}") = "eBlocks.xUnitTest.Core", "eBlocks.xUnitTest.Core\eBlocks.xUnitTest.Core.csproj", "{6316E3FE-5780-460B-9BEC-C2FB791D6BCC}"
EndProject
Project("{FAE04EC0-301F-11D3-BF4B-00C04F79EFBC}") = "eBlocks.Assessment.WebAPI", "eBlocks.Assessment.WebAPI\eBlocks.Assessment.WebAPI.csproj", "{8BD50385-2005-4F77-BDC7-84AA33313DE2}"
EndProject
Global
	GlobalSection(SolutionConfigurationPlatforms) = preSolution
		Debug|Any CPU = Debug|Any CPU
		Debug|x64 = Debug|x64
		Debug|x86 = Debug|x86
		Release|Any CPU = Release|Any CPU
		Release|x64 = Release|x64
		Release|x86 = Release|x86
	EndGlobalSection
	GlobalSection(SolutionProperties) = preSolution
		HideSolutionNode = FALSE
	EndGlobalSection
	GlobalSection(ProjectConfigurationPlatforms) = postSolution
		{7BE56722-16A5-4743-A1AD-937CEE84F82E}.Debug|Any CPU.ActiveCfg = Debug|Any CPU
		{7BE56722-16A5-4743-A1AD-937CEE84F82E}.Debug|Any CPU.Build.0 = Debug|Any CPU
		{7BE56722-16A5-4743-A1AD-937CEE84F82E}.Debug|x64.ActiveCfg = Debug|Any CPU
		{7BE56722-16A5-4743-A1AD-937CEE84F82E}.Debug|x64.Build.0 = Debug|Any CPU
		{7BE56722-16A5-4743-A1AD-937CEE84F82E}.Debug|x86.ActiveCfg = Debug|Any CPU
		{7BE56722-16A5-4743-A1AD-937CEE84F82E}.Debug|x86.Build.0 = Debug|Any CPU
		{7BE56722-16A5-4743-A1AD-937CEE84F82E}.Release|Any CPU.ActiveCfg = Release|Any CPU
		{7BE56722-16A5-4743-A1AD-937CEE84F82E}.Release|Any CPU.Build.0 = Release|Any CPU
		{7BE56722-16A5-4743-A1AD-937CEE84F82E}.Release|x64.ActiveCfg = Release|Any CPU
		{7BE56722-16A5-4743-A1AD-937CEE84F82E}.Release|x64.Build.0 = Release|Any CPU
		{7BE56722-16A5-4743-A1AD-937CEE84F82E}.Release|x86.ActiveCfg = Release|Any CPU
		{7BE56722-16A5-4743-A1AD-937CEE84F82E}.Release|x86.Build.0 = Release|Any CPU
		{2DAF5960-3318-4BCA-BBA7-B2BA3707F8BA}.Debug|Any CPU.ActiveCfg = Debug|Any CPU
		{2DAF5960-3318-4BCA-BBA7-B2BA3707F8BA}.Debug|Any CPU.Build.0 = Debug|Any CPU
		{2DAF5960-3318-4BCA-BBA7-B2BA3707F8BA}.Debug|x64.ActiveCfg = Debug|Any CPU
		{2DAF5960-3318-4BCA-BBA7-B2BA3707F8BA}.Debug|x64.Build.0 = Debug|Any CPU
		{2DAF5960-3318-4BCA-BBA7-B2BA3707F8BA}.Debug|x86.ActiveCfg = Debug|Any CPU
		{2DAF5960-3318-4BCA-BBA7-B2BA3707F8BA}.Debug|x86.Build.0 = Debug|Any CPU
		{2DAF5960-3318-4BCA-BBA7-B2BA3707F8BA}.Release|Any CPU.ActiveCfg = Release|Any CPU
		{2DAF5960-3318-4BCA-BBA7-B2BA3707F8BA}.Release|Any CPU.Build.0 = Release|Any CPU
		{2DAF5960-3318-4BCA-BBA7-B2BA3707F8BA}.Release|x64.ActiveCfg = Release|Any CPU
		{2DAF5960-3318-4BCA-BBA7-B2BA3707F8BA}.Release|x64.Build.0 = Release|Any CPU
		{2DAF5960-3318-4BCA-BBA7-B2BA3707F8BA}.Release|x86.ActiveCfg = Release|Any CPU
		{2DAF5960-3318-4BCA-BBA7-B2BA3707F8BA}.Release|x86.Build.0 = Release|Any CPU
		{6316E3FE-5780-460B-9BEC-C2FB791D6BCC}.Debug|Any CPU.ActiveCfg = Debug|Any CPU
		{6316E3FE-5780-460B-9BEC-C2FB791D6BCC}.Debug|Any CPU.Build.0 = Debug|Any CPU
		{6316E3FE-5780-460B-9BEC-C2FB791D6BCC}.Debug|x64.ActiveCfg = Debug|Any CPU
		{6316E3FE-5780-460B-9BEC-C2FB791D6BCC}.Debug|x64.Build.0 = Debug|Any CPU
		{6316E3FE-5780-460B-9BEC-C2FB791D6BCC}.Debug|x86.ActiveCfg = Debug|Any CPU
		{6316E3FE-5780-460B-9BEC-C2FB791D6BCC}.Debug|x86.Build.0 = Debug|Any CPU
		{6316E3FE-5780-460B-9BEC-C2FB791D6BCC}.Release|Any CPU.ActiveCfg = Release|Any CPU
		{6316E3FE-5780-460B-9BEC-C2FB791D6BCC}.Release|Any CPU.Build.0 = Release|Any CPU
		{6316E3FE-5780-460B-9BEC-C2FB791D6BCC}.Release|x64.ActiveCfg = Release|Any CPU
		{6316E3FE-5780-460B-9BEC-C2FB791D6BCC}.Release|x64.Build.0 = Release|Any CPU
		{6316E3FE-5780-460B-9BEC-C2FB791D6BCC}.Release|x86.ActiveCfg = Release|Any CPU
		{6316E3FE-5780-460B-9BEC-C2FB791D6BCC}.Release|x86.Build.0 = Release|Any CPU
		{8BD50385-2005-4F77-BDC7-84AA33313DE2}.Debug|Any CPU.ActiveCfg = Debug|Any CPU
		{8BD50385-2005-4F77-BDC7-84AA33313DE2}.Debug|Any CPU.Build.0 = Debug|Any CPU
		{8BD50385-2005-4F77-BDC7-84AA33313DE2}.Debug|x64.ActiveCfg = Debug|Any CPU
		{8BD50385-2005-4F77-BDC7-84AA33313DE2}.Debug|x64.Build.0 = Debug|Any CPU
		{8BD50385-2005-4F77-BDC7-84AA33313DE2}.Debug|x86.ActiveCfg = Debug|Any CPU
		{8BD50385-2005-4F77-BDC7-84AA33313DE2}.Debug|x86.Build.0 = Debug|Any CPU
		{8BD50385-2005-4F77-BDC7-84AA33313DE2}.Release|Any CPU.ActiveCfg = Release|Any CPU
		{8BD50385-2005-4F77-BDC7-84AA33313DE2}.Release|Any CPU.Build.0 = Release|Any CPU
		{8BD50385-2005-4F77-BDC7-84AA33313DE2}.Release|x64.ActiveCfg = Release|Any CPU
		{8BD50385-2005-4F77-BDC7-84AA33313DE2}.Release|x64.Build.0 = Release|Any CPU
		{8BD50385-2005-4F77-BDC7-84AA33313DE2}.Release|x86.ActiveCfg = Release|Any CPU
		{8BD50385-2005-4F77-BDC7-84AA33313DE2}.Release|x86.Build.0 = Release|Any CPU
	EndGlobalSection
EndGlobal
